
Microsoft Visual Studio Solution File, Format Version 12.00
# Visual Studio Version 17
VisualStudioVersion = 17.8.34511.84
MinimumVisualStudioVersion = 10.0.40219.1
Project("{FAE04EC0-301F-11D3-BF4B-00C04F79EFBC}") = "mathMagic", "mathMagic.csproj", "{19879276-A24D-49A4-A031-C7AFA1E99FA2}"
EndProject
Global
	GlobalSection(SolutionConfigurationPlatforms) = preSolution
		Debug|Any CPU = Debug|Any CPU
		Release|Any CPU = Release|Any CPU
	EndGlobalSection
	GlobalSection(ProjectConfigurationPlatforms) = postSolution
		{19879276-A24D-49A4-A031-C7AFA1E99FA2}.Debug|Any CPU.ActiveCfg = Debug|Any CPU
		{19879276-A24D-49A4-A031-C7AFA1E99FA2}.Debug|Any CPU.Build.0 = Debug|Any CPU
		{19879276-A24D-49A4-A031-C7AFA1E99FA2}.Release|Any CPU.ActiveCfg = Release|Any CPU
		{19879276-A24D-49A4-A031-C7AFA1E99FA2}.Release|Any CPU.Build.0 = Release|Any CPU
	EndGlobalSection
	GlobalSection(SolutionProperties) = preSolution
		HideSolutionNode = FALSE
	EndGlobalSection
	GlobalSection(ExtensibilityGlobals) = postSolution
		SolutionGuid = {5E21E4FC-D62B-4DC0-876D-AA16AACF167F}
	EndGlobalSection
EndGlobal
